// !$*UTF8*$!
{
	archiveVersion = 1;
	classes = {
	};
	objectVersion = 46;
	objects = {

/* Begin PBXBuildFile section */
		2EC5DF7D1A4894EF0009C68F /* AppDelegate.swift in Sources */ = {isa = PBXBuildFile; fileRef = 2EC5DF7C1A4894EF0009C68F /* AppDelegate.swift */; };
		2EC5DF7F1A4894EF0009C68F /* ViewController.swift in Sources */ = {isa = PBXBuildFile; fileRef = 2EC5DF7E1A4894EF0009C68F /* ViewController.swift */; };
		2EC5DF821A4894EF0009C68F /* Main.storyboard in Resources */ = {isa = PBXBuildFile; fileRef = 2EC5DF801A4894EF0009C68F /* Main.storyboard */; };
		2EC5DF841A4894EF0009C68F /* Images.xcassets in Resources */ = {isa = PBXBuildFile; fileRef = 2EC5DF831A4894EF0009C68F /* Images.xcassets */; };
		2EC5DF871A4894EF0009C68F /* LaunchScreen.xib in Resources */ = {isa = PBXBuildFile; fileRef = 2EC5DF851A4894EF0009C68F /* LaunchScreen.xib */; };
		2EC5DF931A4894EF0009C68F /* LearnSwiftTests.swift in Sources */ = {isa = PBXBuildFile; fileRef = 2EC5DF921A4894EF0009C68F /* LearnSwiftTests.swift */; };
		2EE062A51ADA94A200E01A6E /* money2.wav in Resources */ = {isa = PBXBuildFile; fileRef = 2EE0629C1ADA94A200E01A6E /* money2.wav */; };
		2EE062A61ADA94A200E01A6E /* money.png in Resources */ = {isa = PBXBuildFile; fileRef = 2EE0629D1ADA94A200E01A6E /* money.png */; };
		2EE062A71ADA94A200E01A6E /* 7.gif in Resources */ = {isa = PBXBuildFile; fileRef = 2EE0629E1ADA94A200E01A6E /* 7.gif */; };
		2EE062A81ADA94A200E01A6E /* 6.gif in Resources */ = {isa = PBXBuildFile; fileRef = 2EE0629F1ADA94A200E01A6E /* 6.gif */; };
		2EE062A91ADA94A200E01A6E /* 5.gif in Resources */ = {isa = PBXBuildFile; fileRef = 2EE062A01ADA94A200E01A6E /* 5.gif */; };
		2EE062AA1ADA94A200E01A6E /* 4.gif in Resources */ = {isa = PBXBuildFile; fileRef = 2EE062A11ADA94A200E01A6E /* 4.gif */; };
		2EE062AB1ADA94A200E01A6E /* 3.gif in Resources */ = {isa = PBXBuildFile; fileRef = 2EE062A21ADA94A200E01A6E /* 3.gif */; };
		2EE062AC1ADA94A200E01A6E /* 2.gif in Resources */ = {isa = PBXBuildFile; fileRef = 2EE062A31ADA94A200E01A6E /* 2.gif */; };
		2EE062AD1ADA94A200E01A6E /* 1.gif in Resources */ = {isa = PBXBuildFile; fileRef = 2EE062A41ADA94A200E01A6E /* 1.gif */; };
/* End PBXBuildFile section */

/* Begin PBXContainerItemProxy section */
		2EC5DF8D1A4894EF0009C68F /* PBXContainerItemProxy */ = {
			isa = PBXContainerItemProxy;
			containerPortal = 2EC5DF6F1A4894EF0009C68F /* Project object */;
			proxyType = 1;
			remoteGlobalIDString = 2EC5DF761A4894EF0009C68F;
			remoteInfo = LearnSwift;
		};
/* End PBXContainerItemProxy section */

/* Begin PBXFileReference section */
		2EC5DF771A4894EF0009C68F /* LearnSwift.app */ = {isa = PBXFileReference; explicitFileType = wrapper.application; includeInIndex = 0; path = LearnSwift.app; sourceTree = BUILT_PRODUCTS_DIR; };
		2EC5DF7B1A4894EF0009C68F /* Info.plist */ = {isa = PBXFileReference; lastKnownFileType = text.plist.xml; path = Info.plist; sourceTree = "<group>"; };
		2EC5DF7C1A4894EF0009C68F /* AppDelegate.swift */ = {isa = PBXFileReference; lastKnownFileType = sourcecode.swift; path = AppDelegate.swift; sourceTree = "<group>"; };
		2EC5DF7E1A4894EF0009C68F /* ViewController.swift */ = {isa = PBXFileReference; lastKnownFileType = sourcecode.swift; path = ViewController.swift; sourceTree = "<group>"; };
		2EC5DF811A4894EF0009C68F /* Base */ = {isa = PBXFileReference; lastKnownFileType = file.storyboard; name = Base; path = Base.lproj/Main.storyboard; sourceTree = "<group>"; };
		2EC5DF831A4894EF0009C68F /* Images.xcassets */ = {isa = PBXFileReference; lastKnownFileType = folder.assetcatalog; path = Images.xcassets; sourceTree = "<group>"; };
		2EC5DF861A4894EF0009C68F /* Base */ = {isa = PBXFileReference; lastKnownFileType = file.xib; name = Base; path = Base.lproj/LaunchScreen.xib; sourceTree = "<group>"; };
		2EC5DF8C1A4894EF0009C68F /* LearnSwiftTests.xctest */ = {isa = PBXFileReference; explicitFileType = wrapper.cfbundle; includeInIndex = 0; path = LearnSwiftTests.xctest; sourceTree = BUILT_PRODUCTS_DIR; };
		2EC5DF911A4894EF0009C68F /* Info.plist */ = {isa = PBXFileReference; lastKnownFileType = text.plist.xml; path = Info.plist; sourceTree = "<group>"; };
		2EC5DF921A4894EF0009C68F /* LearnSwiftTests.swift */ = {isa = PBXFileReference; lastKnownFileType = sourcecode.swift; path = LearnSwiftTests.swift; sourceTree = "<group>"; };
		2EE0629C1ADA94A200E01A6E /* money2.wav */ = {isa = PBXFileReference; lastKnownFileType = audio.wav; path = money2.wav; sourceTree = "<group>"; };
		2EE0629D1ADA94A200E01A6E /* money.png */ = {isa = PBXFileReference; lastKnownFileType = image.png; path = money.png; sourceTree = "<group>"; };
		2EE0629E1ADA94A200E01A6E /* 7.gif */ = {isa = PBXFileReference; lastKnownFileType = image.gif; path = 7.gif; sourceTree = "<group>"; };
		2EE0629F1ADA94A200E01A6E /* 6.gif */ = {isa = PBXFileReference; lastKnownFileType = image.gif; path = 6.gif; sourceTree = "<group>"; };
		2EE062A01ADA94A200E01A6E /* 5.gif */ = {isa = PBXFileReference; lastKnownFileType = image.gif; path = 5.gif; sourceTree = "<group>"; };
		2EE062A11ADA94A200E01A6E /* 4.gif */ = {isa = PBXFileReference; lastKnownFileType = image.gif; path = 4.gif; sourceTree = "<group>"; };
		2EE062A21ADA94A200E01A6E /* 3.gif */ = {isa = PBXFileReference; lastKnownFileType = image.gif; path = 3.gif; sourceTree = "<group>"; };
		2EE062A31ADA94A200E01A6E /* 2.gif */ = {isa = PBXFileReference; lastKnownFileType = image.gif; path = 2.gif; sourceTree = "<group>"; };
		2EE062A41ADA94A200E01A6E /* 1.gif */ = {isa = PBXFileReference; lastKnownFileType = image.gif; path = 1.gif; sourceTree = "<group>"; };
/* End PBXFileReference section */

/* Begin PBXFrameworksBuildPhase section */
		2EC5DF741A4894EF0009C68F /* Frameworks */ = {
			isa = PBXFrameworksBuildPhase;
			buildActionMask = 2147483647;
			files = (
			);
			runOnlyForDeploymentPostprocessing = 0;
		};
		2EC5DF891A4894EF0009C68F /* Frameworks */ = {
			isa = PBXFrameworksBuildPhase;
			buildActionMask = 2147483647;
			files = (
			);
			runOnlyForDeploymentPostprocessing = 0;
		};
/* End PBXFrameworksBuildPhase section */

/* Begin PBXGroup section */
		2EC5DF6E1A4894EF0009C68F = {
			isa = PBXGroup;
			children = (
				2EC5DF791A4894EF0009C68F /* LearnSwift */,
				2EC5DF8F1A4894EF0009C68F /* LearnSwiftTests */,
				2EC5DF781A4894EF0009C68F /* Products */,
			);
			sourceTree = "<group>";
		};
		2EC5DF781A4894EF0009C68F /* Products */ = {
			isa = PBXGroup;
			children = (
				2EC5DF771A4894EF0009C68F /* LearnSwift.app */,
				2EC5DF8C1A4894EF0009C68F /* LearnSwiftTests.xctest */,
			);
			name = Products;
			sourceTree = "<group>";
		};
		2EC5DF791A4894EF0009C68F /* LearnSwift */ = {
			isa = PBXGroup;
			children = (
				2EC5DF7C1A4894EF0009C68F /* AppDelegate.swift */,
				2EC5DF7E1A4894EF0009C68F /* ViewController.swift */,
				2EC5DF801A4894EF0009C68F /* Main.storyboard */,
				2EC5DF831A4894EF0009C68F /* Images.xcassets */,
				2EC5DF851A4894EF0009C68F /* LaunchScreen.xib */,
				2EC5DF7A1A4894EF0009C68F /* Supporting Files */,
			);
			path = LearnSwift;
			sourceTree = "<group>";
		};
		2EC5DF7A1A4894EF0009C68F /* Supporting Files */ = {
			isa = PBXGroup;
			children = (
				2EE0629C1ADA94A200E01A6E /* money2.wav */,
				2EE0629D1ADA94A200E01A6E /* money.png */,
				2EE0629E1ADA94A200E01A6E /* 7.gif */,
				2EE0629F1ADA94A200E01A6E /* 6.gif */,
				2EE062A01ADA94A200E01A6E /* 5.gif */,
				2EE062A11ADA94A200E01A6E /* 4.gif */,
				2EE062A21ADA94A200E01A6E /* 3.gif */,
				2EE062A31ADA94A200E01A6E /* 2.gif */,
				2EE062A41ADA94A200E01A6E /* 1.gif */,
				2EC5DF7B1A4894EF0009C68F /* Info.plist */,
			);
			name = "Supporting Files";
			sourceTree = "<group>";
		};
		2EC5DF8F1A4894EF0009C68F /* LearnSwiftTests */ = {
			isa = PBXGroup;
			children = (
				2EC5DF921A4894EF0009C68F /* LearnSwiftTests.swift */,
				2EC5DF901A4894EF0009C68F /* Supporting Files */,
			);
			path = LearnSwiftTests;
			sourceTree = "<group>";
		};
		2EC5DF901A4894EF0009C68F /* Supporting Files */ = {
			isa = PBXGroup;
			children = (
				2EC5DF911A4894EF0009C68F /* Info.plist */,
			);
			name = "Supporting Files";
			sourceTree = "<group>";
		};
/* End PBXGroup section */

/* Begin PBXNativeTarget section */
		2EC5DF761A4894EF0009C68F /* LearnSwift */ = {
			isa = PBXNativeTarget;
			buildConfigurationList = 2EC5DF961A4894EF0009C68F /* Build configuration list for PBXNativeTarget "LearnSwift" */;
			buildPhases = (
				2EC5DF731A4894EF0009C68F /* Sources */,
				2EC5DF741A4894EF0009C68F /* Frameworks */,
				2EC5DF751A4894EF0009C68F /* Resources */,
			);
			buildRules = (
			);
			dependencies = (
			);
			name = LearnSwift;
			productName = LearnSwift;
			productReference = 2EC5DF771A4894EF0009C68F /* LearnSwift.app */;
			productType = "com.apple.product-type.application";
		};
		2EC5DF8B1A4894EF0009C68F /* LearnSwiftTests */ = {
			isa = PBXNativeTarget;
			buildConfigurationList = 2EC5DF991A4894EF0009C68F /* Build configuration list for PBXNativeTarget "LearnSwiftTests" */;
			buildPhases = (
				2EC5DF881A4894EF0009C68F /* Sources */,
				2EC5DF891A4894EF0009C68F /* Frameworks */,
				2EC5DF8A1A4894EF0009C68F /* Resources */,
			);
			buildRules = (
			);
			dependencies = (
				2EC5DF8E1A4894EF0009C68F /* PBXTargetDependency */,
			);
			name = LearnSwiftTests;
			productName = LearnSwiftTests;
			productReference = 2EC5DF8C1A4894EF0009C68F /* LearnSwiftTests.xctest */;
			productType = "com.apple.product-type.bundle.unit-test";
		};
/* End PBXNativeTarget section */

/* Begin PBXProject section */
		2EC5DF6F1A4894EF0009C68F /* Project object */ = {
			isa = PBXProject;
			attributes = {
				LastUpgradeCheck = 0610;
				ORGANIZATIONNAME = "UB-online";
				TargetAttributes = {
					2EC5DF761A4894EF0009C68F = {
						CreatedOnToolsVersion = 6.1.1;
					};
					2EC5DF8B1A4894EF0009C68F = {
						CreatedOnToolsVersion = 6.1.1;
						TestTargetID = 2EC5DF761A4894EF0009C68F;
					};
				};
			};
			buildConfigurationList = 2EC5DF721A4894EF0009C68F /* Build configuration list for PBXProject "LearnSwift" */;
			compatibilityVersion = "Xcode 3.2";
			developmentRegion = English;
			hasScannedForEncodings = 0;
			knownRegions = (
				en,
				Base,
			);
			mainGroup = 2EC5DF6E1A4894EF0009C68F;
			productRefGroup = 2EC5DF781A4894EF0009C68F /* Products */;
			projectDirPath = "";
			projectRoot = "";
			targets = (
				2EC5DF761A4894EF0009C68F /* LearnSwift */,
				2EC5DF8B1A4894EF0009C68F /* LearnSwiftTests */,
			);
		};
/* End PBXProject section */

/* Begin PBXResourcesBuildPhase section */
		2EC5DF751A4894EF0009C68F /* Resources */ = {
			isa = PBXResourcesBuildPhase;
			buildActionMask = 2147483647;
			files = (
				2EE062AC1ADA94A200E01A6E /* 2.gif in Resources */,
				2EE062A71ADA94A200E01A6E /* 7.gif in Resources */,
				2EE062A51ADA94A200E01A6E /* money2.wav in Resources */,
				2EE062A61ADA94A200E01A6E /* money.png in Resources */,
				2EC5DF821A4894EF0009C68F /* Main.storyboard in Resources */,
				2EE062AB1ADA94A200E01A6E /* 3.gif in Resources */,
				2EE062AD1ADA94A200E01A6E /* 1.gif in Resources */,
				2EC5DF871A4894EF0009C68F /* LaunchScreen.xib in Resources */,
				2EE062A81ADA94A200E01A6E /* 6.gif in Resources */,
				2EE062AA1ADA94A200E01A6E /* 4.gif in Resources */,
				2EE062A91ADA94A200E01A6E /* 5.gif in Resources */,
				2EC5DF841A4894EF0009C68F /* Images.xcassets in Resources */,
			);
			runOnlyForDeploymentPostprocessing = 0;
		};
		2EC5DF8A1A4894EF0009C68F /* Resources */ = {
			isa = PBXResourcesBuildPhase;
			buildActionMask = 2147483647;
			files = (
			);
			runOnlyForDeploymentPostprocessing = 0;
		};
/* End PBXResourcesBuildPhase section */

/* Begin PBXSourcesBuildPhase section */
		2EC5DF731A4894EF0009C68F /* Sources */ = {
			isa = PBXSourcesBuildPhase;
			buildActionMask = 2147483647;
			files = (
				2EC5DF7F1A4894EF0009C68F /* ViewController.swift in Sources */,
				2EC5DF7D1A4894EF0009C68F /* AppDelegate.swift in Sources */,
			);
			runOnlyForDeploymentPostprocessing = 0;
		};
		2EC5DF881A4894EF0009C68F /* Sources */ = {
			isa = PBXSourcesBuildPhase;
			buildActionMask = 2147483647;
			files = (
				2EC5DF931A4894EF0009C68F /* LearnSwiftTests.swift in Sources */,
			);
			runOnlyForDeploymentPostprocessing = 0;
		};
/* End PBXSourcesBuildPhase section */

/* Begin PBXTargetDependency section */
		2EC5DF8E1A4894EF0009C68F /* PBXTargetDependency */ = {
			isa = PBXTargetDependency;
			target = 2EC5DF761A4894EF0009C68F /* LearnSwift */;
			targetProxy = 2EC5DF8D1A4894EF0009C68F /* PBXContainerItemProxy */;
		};
/* End PBXTargetDependency section */

/* Begin PBXVariantGroup section */
		2EC5DF801A4894EF0009C68F /* Main.storyboard */ = {
			isa = PBXVariantGroup;
			children = (
				2EC5DF811A4894EF0009C68F /* Base */,
			);
			name = Main.storyboard;
			sourceTree = "<group>";
		};
		2EC5DF851A4894EF0009C68F /* LaunchScreen.xib */ = {
			isa = PBXVariantGroup;
			children = (
				2EC5DF861A4894EF0009C68F /* Base */,
			);
			name = LaunchScreen.xib;
			sourceTree = "<group>";
		};
/* End PBXVariantGroup section */

/* Begin XCBuildConfiguration section */
		2EC5DF941A4894EF0009C68F /* Debug */ = {
			isa = XCBuildConfiguration;
			buildSettings = {
				ALWAYS_SEARCH_USER_PATHS = NO;
				CLANG_CXX_LANGUAGE_STANDARD = "gnu++0x";
				CLANG_CXX_LIBRARY = "libc++";
				CLANG_ENABLE_MODULES = YES;
				CLANG_ENABLE_OBJC_ARC = YES;
				CLANG_WARN_BOOL_CONVERSION = YES;
				CLANG_WARN_CONSTANT_CONVERSION = YES;
				CLANG_WARN_DIRECT_OBJC_ISA_USAGE = YES_ERROR;
				CLANG_WARN_EMPTY_BODY = YES;
				CLANG_WARN_ENUM_CONVERSION = YES;
				CLANG_WARN_INT_CONVERSION = YES;
				CLANG_WARN_OBJC_ROOT_CLASS = YES_ERROR;
				CLANG_WARN_UNREACHABLE_CODE = YES;
				CLANG_WARN__DUPLICATE_METHOD_MATCH = YES;
				"CODE_SIGN_IDENTITY[sdk=iphoneos*]" = "iPhone Developer";
				COPY_PHASE_STRIP = NO;
				ENABLE_STRICT_OBJC_MSGSEND = YES;
				GCC_C_LANGUAGE_STANDARD = gnu99;
				GCC_DYNAMIC_NO_PIC = NO;
				GCC_OPTIMIZATION_LEVEL = 0;
				GCC_PREPROCESSOR_DEFINITIONS = (
					"DEBUG=1",
					"$(inherited)",
				);
				GCC_SYMBOLS_PRIVATE_EXTERN = NO;
				GCC_WARN_64_TO_32_BIT_CONVERSION = YES;
				GCC_WARN_ABOUT_RETURN_TYPE = YES_ERROR;
				GCC_WARN_UNDECLARED_SELECTOR = YES;
				GCC_WARN_UNINITIALIZED_AUTOS = YES_AGGRESSIVE;
				GCC_WARN_UNUSED_FUNCTION = YES;
				GCC_WARN_UNUSED_VARIABLE = YES;
				IPHONEOS_DEPLOYMENT_TARGET = 8.1;
				MTL_ENABLE_DEBUG_INFO = YES;
				ONLY_ACTIVE_ARCH = YES;
				SDKROOT = iphoneos;
				SWIFT_OPTIMIZATION_LEVEL = "-Onone";
			};
			name = Debug;
		};
		2EC5DF951A4894EF0009C68F /* Release */ = {
			isa = XCBuildConfiguration;
			buildSettings = {
				ALWAYS_SEARCH_USER_PATHS = NO;
				CLANG_CXX_LANGUAGE_STANDARD = "gnu++0x";
				CLANG_CXX_LIBRARY = "libc++";
				CLANG_ENABLE_MODULES = YES;
				CLANG_ENABLE_OBJC_ARC = YES;
				CLANG_WARN_BOOL_CONVERSION = YES;
				CLANG_WARN_CONSTANT_CONVERSION = YES;
				CLANG_WARN_DIRECT_OBJC_ISA_USAGE = YES_ERROR;
				CLANG_WARN_EMPTY_BODY = YES;
				CLANG_WARN_ENUM_CONVERSION = YES;
				CLANG_WARN_INT_CONVERSION = YES;
				CLANG_WARN_OBJC_ROOT_CLASS = YES_ERROR;
				CLANG_WARN_UNREACHABLE_CODE = YES;
				CLANG_WARN__DUPLICATE_METHOD_MATCH = YES;
				"CODE_SIGN_IDENTITY[sdk=iphoneos*]" = "iPhone Developer";
				COPY_PHASE_STRIP = YES;
				ENABLE_NS_ASSERTIONS = NO;
				ENABLE_STRICT_OBJC_MSGSEND = YES;
				GCC_C_LANGUAGE_STANDARD = gnu99;
				GCC_WARN_64_TO_32_BIT_CONVERSION = YES;
				GCC_WARN_ABOUT_RETURN_TYPE = YES_ERROR;
				GCC_WARN_UNDECLARED_SELECTOR = YES;
				GCC_WARN_UNINITIALIZED_AUTOS = YES_AGGRESSIVE;
				GCC_WARN_UNUSED_FUNCTION = YES;
				GCC_WARN_UNUSED_VARIABLE = YES;
				IPHONEOS_DEPLOYMENT_TARGET = 8.1;
				MTL_ENABLE_DEBUG_INFO = NO;
				SDKROOT = iphoneos;
				VALIDATE_PRODUCT = YES;
			};
			name = Release;
		};
		2EC5DF971A4894EF0009C68F /* Debug */ = {
			isa = XCBuildConfiguration;
			buildSettings = {
				ASSETCATALOG_COMPILER_APPICON_NAME = AppIcon;
				INFOPLIST_FILE = LearnSwift/Info.plist;
				LD_RUNPATH_SEARCH_PATHS = "$(inherited) @executable_path/Frameworks";
				PRODUCT_NAME = "$(TARGET_NAME)";
			};
			name = Debug;
		};
		2EC5DF981A4894EF0009C68F /* Release */ = {
			isa = XCBuildConfiguration;
			buildSettings = {
				ASSETCATALOG_COMPILER_APPICON_NAME = AppIcon;
				INFOPLIST_FILE = LearnSwift/Info.plist;
				LD_RUNPATH_SEARCH_PATHS = "$(inherited) @executable_path/Frameworks";
				PRODUCT_NAME = "$(TARGET_NAME)";
			};
			name = Release;
		};
		2EC5DF9A1A4894EF0009C68F /* Debug */ = {
			isa = XCBuildConfiguration;
			buildSettings = {
				BUNDLE_LOADER = "$(TEST_HOST)";
				FRAMEWORK_SEARCH_PATHS = (
					"$(SDKROOT)/Developer/Library/Frameworks",
					"$(inherited)",
				);
				GCC_PREPROCESSOR_DEFINITIONS = (
					"DEBUG=1",
					"$(inherited)",
				);
				INFOPLIST_FILE = LearnSwiftTests/Info.plist;
				LD_RUNPATH_SEARCH_PATHS = "$(inherited) @executable_path/Frameworks @loader_path/Frameworks";
				PRODUCT_NAME = "$(TARGET_NAME)";
				TEST_HOST = "$(BUILT_PRODUCTS_DIR)/LearnSwift.app/LearnSwift";
			};
			name = Debug;
		};
		2EC5DF9B1A4894EF0009C68F /* Release */ = {
			isa = XCBuildConfiguration;
			buildSettings = {
				BUNDLE_LOADER = "$(TEST_HOST)";
				FRAMEWORK_SEARCH_PATHS = (
					"$(SDKROOT)/Developer/Library/Frameworks",
					"$(inherited)",
				);
				INFOPLIST_FILE = LearnSwiftTests/Info.plist;
				LD_RUNPATH_SEARCH_PATHS = "$(inherited) @executable_path/Frameworks @loader_path/Frameworks";
				PRODUCT_NAME = "$(TARGET_NAME)";
				TEST_HOST = "$(BUILT_PRODUCTS_DIR)/LearnSwift.app/LearnSwift";
			};
			name = Release;
		};
/* End XCBuildConfiguration section */

/* Begin XCConfigurationList section */
		2EC5DF721A4894EF0009C68F /* Build configuration list for PBXProject "LearnSwift" */ = {
			isa = XCConfigurationList;
			buildConfigurations = (
				2EC5DF941A4894EF0009C68F /* Debug */,
				2EC5DF951A4894EF0009C68F /* Release */,
			);
			defaultConfigurationIsVisible = 0;
			defaultConfigurationName = Release;
		};
		2EC5DF961A4894EF0009C68F /* Build configuration list for PBXNativeTarget "LearnSwift" */ = {
			isa = XCConfigurationList;
			buildConfigurations = (
				2EC5DF971A4894EF0009C68F /* Debug */,
				2EC5DF981A4894EF0009C68F /* Release */,
			);
			defaultConfigurationIsVisible = 0;
			defaultConfigurationName = Release;
		};
		2EC5DF991A4894EF0009C68F /* Build configuration list for PBXNativeTarget "LearnSwiftTests" */ = {
			isa = XCConfigurationList;
			buildConfigurations = (
				2EC5DF9A1A4894EF0009C68F /* Debug */,
				2EC5DF9B1A4894EF0009C68F /* Release */,
			);
			defaultConfigurationIsVisible = 0;
			defaultConfigurationName = Release;
		};
/* End XCConfigurationList section */
	};
	rootObject = 2EC5DF6F1A4894EF0009C68F /* Project object */;
}
